// !$*UTF8*$!
{
	archiveVersion = 1;
	classes = {
	};
	objectVersion = 48;
	objects = {

/* Begin PBXBuildFile section */
		D40B283E2028856300CA8559 /* SwiftVision.h in Headers */ = {isa = PBXBuildFile; fileRef = D40B283C2028856300CA8559 /* SwiftVision.h */; settings = {ATTRIBUTES = (Public, ); }; };
		D40B28462028858A00CA8559 /* opencv2.framework in Frameworks */ = {isa = PBXBuildFile; fileRef = D40B28452028858A00CA8559 /* opencv2.framework */; };
		D40B28522028860D00CA8559 /* AppDelegate.swift in Sources */ = {isa = PBXBuildFile; fileRef = D40B28512028860D00CA8559 /* AppDelegate.swift */; };
		D40B28542028860D00CA8559 /* ViewController.swift in Sources */ = {isa = PBXBuildFile; fileRef = D40B28532028860D00CA8559 /* ViewController.swift */; };
		D40B28572028860D00CA8559 /* Main.storyboard in Resources */ = {isa = PBXBuildFile; fileRef = D40B28552028860D00CA8559 /* Main.storyboard */; };
		D40B28592028860D00CA8559 /* Assets.xcassets in Resources */ = {isa = PBXBuildFile; fileRef = D40B28582028860D00CA8559 /* Assets.xcassets */; };
		D40B285C2028860D00CA8559 /* LaunchScreen.storyboard in Resources */ = {isa = PBXBuildFile; fileRef = D40B285A2028860D00CA8559 /* LaunchScreen.storyboard */; };
		D40B28632028874200CA8559 /* SwiftVision.framework in Frameworks */ = {isa = PBXBuildFile; fileRef = D40B28392028856300CA8559 /* SwiftVision.framework */; };
		D40B286720288EE100CA8559 /* CoreGraphics.framework in Frameworks */ = {isa = PBXBuildFile; fileRef = D40B286620288EE100CA8559 /* CoreGraphics.framework */; };
		D40B286920288EEA00CA8559 /* UIKit.framework in Frameworks */ = {isa = PBXBuildFile; fileRef = D40B286820288EEA00CA8559 /* UIKit.framework */; };
		D40B2889202891D800CA8559 /* PrefixHeader.pch in Headers */ = {isa = PBXBuildFile; fileRef = D40B2888202891D800CA8559 /* PrefixHeader.pch */; };
		D428ED32204987D6002A7322 /* UIColor+extras.h in Headers */ = {isa = PBXBuildFile; fileRef = D428ED30204987D6002A7322 /* UIColor+extras.h */; };
		D428ED33204987D6002A7322 /* UIColor+extras.m in Sources */ = {isa = PBXBuildFile; fileRef = D428ED31204987D6002A7322 /* UIColor+extras.m */; };
		D42981762052AE0600A28DF5 /* KeyPointProjector.h in Headers */ = {isa = PBXBuildFile; fileRef = D42981742052AE0600A28DF5 /* KeyPointProjector.h */; };
		D42981772052AE0600A28DF5 /* KeyPointProjector.mm in Sources */ = {isa = PBXBuildFile; fileRef = D42981752052AE0600A28DF5 /* KeyPointProjector.mm */; };
		D429817F2052AF0300A28DF5 /* SwiftVisionTests.mm in Sources */ = {isa = PBXBuildFile; fileRef = D429817E2052AF0300A28DF5 /* SwiftVisionTests.mm */; };
		D42981812052AF0300A28DF5 /* SwiftVision.framework in Frameworks */ = {isa = PBXBuildFile; fileRef = D40B28392028856300CA8559 /* SwiftVision.framework */; };
		D42981872052AF6B00A28DF5 /* opencv2.framework in Frameworks */ = {isa = PBXBuildFile; fileRef = D40B28452028858A00CA8559 /* opencv2.framework */; };
		D42981882052AF7800A28DF5 /* functions.mm in Sources */ = {isa = PBXBuildFile; fileRef = D439947020388BA800D9B783 /* functions.mm */; };
		D439947120388BA800D9B783 /* functions.h in Headers */ = {isa = PBXBuildFile; fileRef = D439946F20388BA800D9B783 /* functions.h */; };
		D439947220388BA800D9B783 /* functions.mm in Sources */ = {isa = PBXBuildFile; fileRef = D439947020388BA800D9B783 /* functions.mm */; };
		D47109BA2050282600F38C26 /* KeyPointOptimizer.mm in Sources */ = {isa = PBXBuildFile; fileRef = D47109B42050271600F38C26 /* KeyPointOptimizer.mm */; };
		D4711A0F20502DA800F38C26 /* KeyPointOptimizer.h in Headers */ = {isa = PBXBuildFile; fileRef = D47109B32050271600F38C26 /* KeyPointOptimizer.h */; settings = {ATTRIBUTES = (Public, ); }; };
		D471D7D620500C4A00F38C26 /* LineInfo.h in Headers */ = {isa = PBXBuildFile; fileRef = D471D7D320500C4A00F38C26 /* LineInfo.h */; settings = {ATTRIBUTES = (Public, ); }; };
		D471D7D720500C4A00F38C26 /* CGRectOutline.h in Headers */ = {isa = PBXBuildFile; fileRef = D471D7D420500C4A00F38C26 /* CGRectOutline.h */; settings = {ATTRIBUTES = (Public, ); }; };
		D471D7D820500C4A00F38C26 /* EigenVector.h in Headers */ = {isa = PBXBuildFile; fileRef = D471D7D520500C4A00F38C26 /* EigenVector.h */; settings = {ATTRIBUTES = (Public, ); }; };
		D471D7E220500CE600F38C26 /* ContourEdge.h in Headers */ = {isa = PBXBuildFile; fileRef = D471D7DA20500CE600F38C26 /* ContourEdge.h */; settings = {ATTRIBUTES = (Public, ); }; };
		D471D7E320500CE600F38C26 /* Contour.mm in Sources */ = {isa = PBXBuildFile; fileRef = D471D7DB20500CE600F38C26 /* Contour.mm */; };
		D471D7E420500CE600F38C26 /* ContourSpanInfo.h in Headers */ = {isa = PBXBuildFile; fileRef = D471D7DC20500CE600F38C26 /* ContourSpanInfo.h */; settings = {ATTRIBUTES = (Public, ); }; };
		D471D7E520500CE600F38C26 /* Contour.h in Headers */ = {isa = PBXBuildFile; fileRef = D471D7DD20500CE600F38C26 /* Contour.h */; settings = {ATTRIBUTES = (Public, ); }; };
		D471D7E620500CE600F38C26 /* ContourSpan.mm in Sources */ = {isa = PBXBuildFile; fileRef = D471D7DE20500CE600F38C26 /* ContourSpan.mm */; };
		D471D7E720500CE600F38C26 /* ContourEdge.m in Sources */ = {isa = PBXBuildFile; fileRef = D471D7DF20500CE600F38C26 /* ContourEdge.m */; };
		D471D7E820500CE600F38C26 /* ContourSpan.h in Headers */ = {isa = PBXBuildFile; fileRef = D471D7E020500CE600F38C26 /* ContourSpan.h */; settings = {ATTRIBUTES = (Public, ); }; };
		D471D7E920500CE600F38C26 /* ContourSpanInfo.mm in Sources */ = {isa = PBXBuildFile; fileRef = D471D7E120500CE600F38C26 /* ContourSpanInfo.mm */; };
		D471D7EF20500D0800F38C26 /* ContourEdge+internal.h in Headers */ = {isa = PBXBuildFile; fileRef = D471D7EB20500D0800F38C26 /* ContourEdge+internal.h */; };
		D471D7F020500D0800F38C26 /* ContourSpan+internal.h in Headers */ = {isa = PBXBuildFile; fileRef = D471D7EC20500D0800F38C26 /* ContourSpan+internal.h */; };
		D471D7F120500D0800F38C26 /* Contour+internal.h in Headers */ = {isa = PBXBuildFile; fileRef = D471D7ED20500D0800F38C26 /* Contour+internal.h */; };
		D471D7F220500D0800F38C26 /* ContourSpanInfo+internal.h in Headers */ = {isa = PBXBuildFile; fileRef = D471D7EE20500D0800F38C26 /* ContourSpanInfo+internal.h */; };
		D471D7F520500EE300F38C26 /* UIImage+OpenCV.mm in Sources */ = {isa = PBXBuildFile; fileRef = D471D7F320500EE300F38C26 /* UIImage+OpenCV.mm */; };
		D471D7F620500EE300F38C26 /* UIImage+OpenCV.h in Headers */ = {isa = PBXBuildFile; fileRef = D471D7F420500EE300F38C26 /* UIImage+OpenCV.h */; settings = {ATTRIBUTES = (Public, ); }; };
		D471D7FA20500F2200F38C26 /* UIImage+Contour.mm in Sources */ = {isa = PBXBuildFile; fileRef = D471D7F820500F2200F38C26 /* UIImage+Contour.mm */; };
		D471D7FB20500F2200F38C26 /* UIImage+Contour.h in Headers */ = {isa = PBXBuildFile; fileRef = D471D7F920500F2200F38C26 /* UIImage+Contour.h */; };
		D471E46E20501DDC00F38C26 /* DLib.h in Headers */ = {isa = PBXBuildFile; fileRef = D471E46C20501DDC00F38C26 /* DLib.h */; settings = {ATTRIBUTES = (Public, ); }; };
		D471F0DC20501E5400F38C26 /* DLib.framework in Frameworks */ = {isa = PBXBuildFile; fileRef = D471E46A20501DDC00F38C26 /* DLib.framework */; };
		D48B4B712028AC0600DFA7AC /* input_image.jpeg in Resources */ = {isa = PBXBuildFile; fileRef = D48B4B702028AC0600DFA7AC /* input_image.jpeg */; };
		D48B4B732028B6DC00DFA7AC /* 90550036_edit.jpg in Resources */ = {isa = PBXBuildFile; fileRef = D48B4B722028B6DC00DFA7AC /* 90550036_edit.jpg */; };
		D4A3AE1D20502FB20075C45B /* libdlib.a in Frameworks */ = {isa = PBXBuildFile; fileRef = D4A3AE1C20502FB20075C45B /* libdlib.a */; };
		D4A3AE202050601E0075C45B /* CoreGraphics.framework in Frameworks */ = {isa = PBXBuildFile; fileRef = D40B286620288EE100CA8559 /* CoreGraphics.framework */; };
		D4A3AE21205060220075C45B /* UIKit.framework in Frameworks */ = {isa = PBXBuildFile; fileRef = D40B286820288EEA00CA8559 /* UIKit.framework */; };
		D4A572C2202A1E1500D8F4B0 /* PageDewarp.h in Headers */ = {isa = PBXBuildFile; fileRef = D4A572C0202A1E1500D8F4B0 /* PageDewarp.h */; settings = {ATTRIBUTES = (Public, ); }; };
		D4A572C3202A1E1500D8F4B0 /* PageDewarp.mm in Sources */ = {isa = PBXBuildFile; fileRef = D4A572C1202A1E1500D8F4B0 /* PageDewarp.mm */; };
		D4A572CA202A1E2800D8F4B0 /* UIImage+Mat.h in Headers */ = {isa = PBXBuildFile; fileRef = D4A572C6202A1E2800D8F4B0 /* UIImage+Mat.h */; };
		D4A572CC202A1E2800D8F4B0 /* UIImage+Mat.mm in Sources */ = {isa = PBXBuildFile; fileRef = D4A572C8202A1E2800D8F4B0 /* UIImage+Mat.mm */; };
		D4BAD1C52034DBB200F4A32C /* NSArray+extras.h in Headers */ = {isa = PBXBuildFile; fileRef = D4BAD1C32034DBB200F4A32C /* NSArray+extras.h */; };
		D4BAD1C62034DBB200F4A32C /* NSArray+extras.m in Sources */ = {isa = PBXBuildFile; fileRef = D4BAD1C42034DBB200F4A32C /* NSArray+extras.m */; };
/* End PBXBuildFile section */

/* Begin PBXContainerItemProxy section */
		D42981822052AF0300A28DF5 /* PBXContainerItemProxy */ = {
			isa = PBXContainerItemProxy;
			containerPortal = D40B28302028856300CA8559 /* Project object */;
			proxyType = 1;
			remoteGlobalIDString = D40B28382028856300CA8559;
			remoteInfo = SwiftVision;
		};
		D47109B0205025E500F38C26 /* PBXContainerItemProxy */ = {
			isa = PBXContainerItemProxy;
			containerPortal = D40B28302028856300CA8559 /* Project object */;
			proxyType = 1;
			remoteGlobalIDString = D471E46920501DDC00F38C26;
			remoteInfo = DLib;
		};
/* End PBXContainerItemProxy section */

/* Begin PBXFileReference section */
		D40B28392028856300CA8559 /* SwiftVision.framework */ = {isa = PBXFileReference; explicitFileType = wrapper.framework; includeInIndex = 0; path = SwiftVision.framework; sourceTree = BUILT_PRODUCTS_DIR; };
		D40B283C2028856300CA8559 /* SwiftVision.h */ = {isa = PBXFileReference; lastKnownFileType = sourcecode.c.h; path = SwiftVision.h; sourceTree = "<group>"; };
		D40B283D2028856300CA8559 /* Info.plist */ = {isa = PBXFileReference; lastKnownFileType = text.plist.xml; path = Info.plist; sourceTree = "<group>"; };
		D40B28452028858A00CA8559 /* opencv2.framework */ = {isa = PBXFileReference; lastKnownFileType = wrapper.framework; name = opencv2.framework; path = SwiftVision/opencv2.framework; sourceTree = "<group>"; };
		D40B284F2028860D00CA8559 /* OpenCVDemo.app */ = {isa = PBXFileReference; explicitFileType = wrapper.application; includeInIndex = 0; path = OpenCVDemo.app; sourceTree = BUILT_PRODUCTS_DIR; };
		D40B28512028860D00CA8559 /* AppDelegate.swift */ = {isa = PBXFileReference; lastKnownFileType = sourcecode.swift; path = AppDelegate.swift; sourceTree = "<group>"; };
		D40B28532028860D00CA8559 /* ViewController.swift */ = {isa = PBXFileReference; lastKnownFileType = sourcecode.swift; path = ViewController.swift; sourceTree = "<group>"; };
		D40B28562028860D00CA8559 /* Base */ = {isa = PBXFileReference; lastKnownFileType = file.storyboard; name = Base; path = Base.lproj/Main.storyboard; sourceTree = "<group>"; };
		D40B28582028860D00CA8559 /* Assets.xcassets */ = {isa = PBXFileReference; lastKnownFileType = folder.assetcatalog; path = Assets.xcassets; sourceTree = "<group>"; };
		D40B285B2028860D00CA8559 /* Base */ = {isa = PBXFileReference; lastKnownFileType = file.storyboard; name = Base; path = Base.lproj/LaunchScreen.storyboard; sourceTree = "<group>"; };
		D40B285D2028860D00CA8559 /* Info.plist */ = {isa = PBXFileReference; lastKnownFileType = text.plist.xml; path = Info.plist; sourceTree = "<group>"; };
		D40B286620288EE100CA8559 /* CoreGraphics.framework */ = {isa = PBXFileReference; lastKnownFileType = wrapper.framework; name = CoreGraphics.framework; path = System/Library/Frameworks/CoreGraphics.framework; sourceTree = SDKROOT; };
		D40B286820288EEA00CA8559 /* UIKit.framework */ = {isa = PBXFileReference; lastKnownFileType = wrapper.framework; name = UIKit.framework; path = System/Library/Frameworks/UIKit.framework; sourceTree = SDKROOT; };
		D40B2888202891D800CA8559 /* PrefixHeader.pch */ = {isa = PBXFileReference; lastKnownFileType = sourcecode.c.h; path = PrefixHeader.pch; sourceTree = "<group>"; };
		D428ED30204987D6002A7322 /* UIColor+extras.h */ = {isa = PBXFileReference; lastKnownFileType = sourcecode.c.h; path = "UIColor+extras.h"; sourceTree = "<group>"; };
		D428ED31204987D6002A7322 /* UIColor+extras.m */ = {isa = PBXFileReference; lastKnownFileType = sourcecode.c.objc; path = "UIColor+extras.m"; sourceTree = "<group>"; };
		D42981742052AE0600A28DF5 /* KeyPointProjector.h */ = {isa = PBXFileReference; lastKnownFileType = sourcecode.c.h; path = KeyPointProjector.h; sourceTree = "<group>"; };
		D42981752052AE0600A28DF5 /* KeyPointProjector.mm */ = {isa = PBXFileReference; lastKnownFileType = sourcecode.cpp.objcpp; path = KeyPointProjector.mm; sourceTree = "<group>"; };
		D429817C2052AF0300A28DF5 /* SwiftVisionTests.xctest */ = {isa = PBXFileReference; explicitFileType = wrapper.cfbundle; includeInIndex = 0; path = SwiftVisionTests.xctest; sourceTree = BUILT_PRODUCTS_DIR; };
		D429817E2052AF0300A28DF5 /* SwiftVisionTests.mm */ = {isa = PBXFileReference; lastKnownFileType = sourcecode.cpp.objcpp; path = SwiftVisionTests.mm; sourceTree = "<group>"; };
		D42981802052AF0300A28DF5 /* Info.plist */ = {isa = PBXFileReference; lastKnownFileType = text.plist.xml; path = Info.plist; sourceTree = "<group>"; };
		D439946F20388BA800D9B783 /* functions.h */ = {isa = PBXFileReference; lastKnownFileType = sourcecode.c.h; path = functions.h; sourceTree = "<group>"; };
		D439947020388BA800D9B783 /* functions.mm */ = {isa = PBXFileReference; lastKnownFileType = sourcecode.cpp.objcpp; path = functions.mm; sourceTree = "<group>"; };
		D47109B32050271600F38C26 /* KeyPointOptimizer.h */ = {isa = PBXFileReference; lastKnownFileType = sourcecode.c.h; path = KeyPointOptimizer.h; sourceTree = "<group>"; };
		D47109B42050271600F38C26 /* KeyPointOptimizer.mm */ = {isa = PBXFileReference; lastKnownFileType = sourcecode.cpp.objcpp; path = KeyPointOptimizer.mm; sourceTree = "<group>"; };
		D4711A0820502C1200F38C26 /* Accelerate.framework */ = {isa = PBXFileReference; lastKnownFileType = wrapper.framework; name = Accelerate.framework; path = System/Library/Frameworks/Accelerate.framework; sourceTree = SDKROOT; };
		D4711A0A20502C7500F38C26 /* Foundation.framework */ = {isa = PBXFileReference; lastKnownFileType = wrapper.framework; name = Foundation.framework; path = System/Library/Frameworks/Foundation.framework; sourceTree = SDKROOT; };
		D4711A0C20502C8300F38C26 /* CoreFoundation.framework */ = {isa = PBXFileReference; lastKnownFileType = wrapper.framework; name = CoreFoundation.framework; path = System/Library/Frameworks/CoreFoundation.framework; sourceTree = SDKROOT; };
		D471D7D320500C4A00F38C26 /* LineInfo.h */ = {isa = PBXFileReference; fileEncoding = 4; lastKnownFileType = sourcecode.c.h; path = LineInfo.h; sourceTree = "<group>"; };
		D471D7D420500C4A00F38C26 /* CGRectOutline.h */ = {isa = PBXFileReference; fileEncoding = 4; lastKnownFileType = sourcecode.c.h; path = CGRectOutline.h; sourceTree = "<group>"; };
		D471D7D520500C4A00F38C26 /* EigenVector.h */ = {isa = PBXFileReference; fileEncoding = 4; lastKnownFileType = sourcecode.c.h; path = EigenVector.h; sourceTree = "<group>"; };
		D471D7DA20500CE600F38C26 /* ContourEdge.h */ = {isa = PBXFileReference; fileEncoding = 4; lastKnownFileType = sourcecode.c.h; path = ContourEdge.h; sourceTree = "<group>"; };
		D471D7DB20500CE600F38C26 /* Contour.mm */ = {isa = PBXFileReference; fileEncoding = 4; lastKnownFileType = sourcecode.cpp.objcpp; path = Contour.mm; sourceTree = "<group>"; };
		D471D7DC20500CE600F38C26 /* ContourSpanInfo.h */ = {isa = PBXFileReference; fileEncoding = 4; lastKnownFileType = sourcecode.c.h; path = ContourSpanInfo.h; sourceTree = "<group>"; };
		D471D7DD20500CE600F38C26 /* Contour.h */ = {isa = PBXFileReference; fileEncoding = 4; lastKnownFileType = sourcecode.c.h; path = Contour.h; sourceTree = "<group>"; };
		D471D7DE20500CE600F38C26 /* ContourSpan.mm */ = {isa = PBXFileReference; fileEncoding = 4; lastKnownFileType = sourcecode.cpp.objcpp; path = ContourSpan.mm; sourceTree = "<group>"; };
		D471D7DF20500CE600F38C26 /* ContourEdge.m */ = {isa = PBXFileReference; fileEncoding = 4; lastKnownFileType = sourcecode.c.objc; path = ContourEdge.m; sourceTree = "<group>"; };
		D471D7E020500CE600F38C26 /* ContourSpan.h */ = {isa = PBXFileReference; fileEncoding = 4; lastKnownFileType = sourcecode.c.h; path = ContourSpan.h; sourceTree = "<group>"; };
		D471D7E120500CE600F38C26 /* ContourSpanInfo.mm */ = {isa = PBXFileReference; fileEncoding = 4; lastKnownFileType = sourcecode.cpp.objcpp; path = ContourSpanInfo.mm; sourceTree = "<group>"; };
		D471D7EB20500D0800F38C26 /* ContourEdge+internal.h */ = {isa = PBXFileReference; fileEncoding = 4; lastKnownFileType = sourcecode.c.h; path = "ContourEdge+internal.h"; sourceTree = "<group>"; };
		D471D7EC20500D0800F38C26 /* ContourSpan+internal.h */ = {isa = PBXFileReference; fileEncoding = 4; lastKnownFileType = sourcecode.c.h; path = "ContourSpan+internal.h"; sourceTree = "<group>"; };
		D471D7ED20500D0800F38C26 /* Contour+internal.h */ = {isa = PBXFileReference; fileEncoding = 4; lastKnownFileType = sourcecode.c.h; path = "Contour+internal.h"; sourceTree = "<group>"; };
		D471D7EE20500D0800F38C26 /* ContourSpanInfo+internal.h */ = {isa = PBXFileReference; fileEncoding = 4; lastKnownFileType = sourcecode.c.h; path = "ContourSpanInfo+internal.h"; sourceTree = "<group>"; };
		D471D7F320500EE300F38C26 /* UIImage+OpenCV.mm */ = {isa = PBXFileReference; fileEncoding = 4; lastKnownFileType = sourcecode.cpp.objcpp; path = "UIImage+OpenCV.mm"; sourceTree = "<group>"; };
		D471D7F420500EE300F38C26 /* UIImage+OpenCV.h */ = {isa = PBXFileReference; fileEncoding = 4; lastKnownFileType = sourcecode.c.h; path = "UIImage+OpenCV.h"; sourceTree = "<group>"; };
		D471D7F820500F2200F38C26 /* UIImage+Contour.mm */ = {isa = PBXFileReference; fileEncoding = 4; lastKnownFileType = sourcecode.cpp.objcpp; path = "UIImage+Contour.mm"; sourceTree = "<group>"; };
		D471D7F920500F2200F38C26 /* UIImage+Contour.h */ = {isa = PBXFileReference; fileEncoding = 4; lastKnownFileType = sourcecode.c.h; path = "UIImage+Contour.h"; sourceTree = "<group>"; };
		D471E46A20501DDC00F38C26 /* DLib.framework */ = {isa = PBXFileReference; explicitFileType = wrapper.framework; includeInIndex = 0; path = DLib.framework; sourceTree = BUILT_PRODUCTS_DIR; };
		D471E46C20501DDC00F38C26 /* DLib.h */ = {isa = PBXFileReference; lastKnownFileType = sourcecode.c.h; path = DLib.h; sourceTree = "<group>"; };
		D471E46D20501DDC00F38C26 /* Info.plist */ = {isa = PBXFileReference; lastKnownFileType = text.plist.xml; path = Info.plist; sourceTree = "<group>"; };
		D48B4B702028AC0600DFA7AC /* input_image.jpeg */ = {isa = PBXFileReference; lastKnownFileType = image.jpeg; path = input_image.jpeg; sourceTree = "<group>"; };
		D48B4B722028B6DC00DFA7AC /* 90550036_edit.jpg */ = {isa = PBXFileReference; lastKnownFileType = image.jpeg; path = 90550036_edit.jpg; sourceTree = "<group>"; };
		D4A3AE1C20502FB20075C45B /* libdlib.a */ = {isa = PBXFileReference; lastKnownFileType = archive.ar; path = libdlib.a; sourceTree = "<group>"; };
		D4A572C0202A1E1500D8F4B0 /* PageDewarp.h */ = {isa = PBXFileReference; fileEncoding = 4; lastKnownFileType = sourcecode.c.h; path = PageDewarp.h; sourceTree = "<group>"; };
		D4A572C1202A1E1500D8F4B0 /* PageDewarp.mm */ = {isa = PBXFileReference; fileEncoding = 4; lastKnownFileType = sourcecode.cpp.objcpp; path = PageDewarp.mm; sourceTree = "<group>"; };
		D4A572C6202A1E2800D8F4B0 /* UIImage+Mat.h */ = {isa = PBXFileReference; fileEncoding = 4; lastKnownFileType = sourcecode.c.h; path = "UIImage+Mat.h"; sourceTree = "<group>"; };
		D4A572C8202A1E2800D8F4B0 /* UIImage+Mat.mm */ = {isa = PBXFileReference; fileEncoding = 4; lastKnownFileType = sourcecode.cpp.objcpp; path = "UIImage+Mat.mm"; sourceTree = "<group>"; };
		D4BAD1C32034DBB200F4A32C /* NSArray+extras.h */ = {isa = PBXFileReference; lastKnownFileType = sourcecode.c.h; path = "NSArray+extras.h"; sourceTree = "<group>"; };
		D4BAD1C42034DBB200F4A32C /* NSArray+extras.m */ = {isa = PBXFileReference; lastKnownFileType = sourcecode.c.objc; path = "NSArray+extras.m"; sourceTree = "<group>"; };
/* End PBXFileReference section */

/* Begin PBXFrameworksBuildPhase section */
		D40B28352028856300CA8559 /* Frameworks */ = {
			isa = PBXFrameworksBuildPhase;
			buildActionMask = 2147483647;
			files = (
				D471F0DC20501E5400F38C26 /* DLib.framework in Frameworks */,
				D40B286920288EEA00CA8559 /* UIKit.framework in Frameworks */,
				D40B286720288EE100CA8559 /* CoreGraphics.framework in Frameworks */,
				D40B28462028858A00CA8559 /* opencv2.framework in Frameworks */,
			);
			runOnlyForDeploymentPostprocessing = 0;
		};
		D40B284C2028860D00CA8559 /* Frameworks */ = {
			isa = PBXFrameworksBuildPhase;
			buildActionMask = 2147483647;
			files = (
				D40B28632028874200CA8559 /* SwiftVision.framework in Frameworks */,
			);
			runOnlyForDeploymentPostprocessing = 0;
		};
		D42981792052AF0300A28DF5 /* Frameworks */ = {
			isa = PBXFrameworksBuildPhase;
			buildActionMask = 2147483647;
			files = (
				D42981812052AF0300A28DF5 /* SwiftVision.framework in Frameworks */,
				D42981872052AF6B00A28DF5 /* opencv2.framework in Frameworks */,
			);
			runOnlyForDeploymentPostprocessing = 0;
		};
		D471E46620501DDC00F38C26 /* Frameworks */ = {
			isa = PBXFrameworksBuildPhase;
			buildActionMask = 2147483647;
			files = (
				D4A3AE21205060220075C45B /* UIKit.framework in Frameworks */,
				D4A3AE202050601E0075C45B /* CoreGraphics.framework in Frameworks */,
				D4A3AE1D20502FB20075C45B /* libdlib.a in Frameworks */,
			);
			runOnlyForDeploymentPostprocessing = 0;
		};
/* End PBXFrameworksBuildPhase section */

/* Begin PBXGroup section */
		D40B282F2028856300CA8559 = {
			isa = PBXGroup;
			children = (
				D40B283B2028856300CA8559 /* SwiftVision */,
				D471E46B20501DDC00F38C26 /* DLib */,
				D40B28502028860D00CA8559 /* OpenCVDemo */,
				D429817D2052AF0300A28DF5 /* SwiftVisionTests */,
				D40B283A2028856300CA8559 /* Products */,
				D40B28442028858A00CA8559 /* Frameworks */,
			);
			sourceTree = "<group>";
		};
		D40B283A2028856300CA8559 /* Products */ = {
			isa = PBXGroup;
			children = (
				D40B28392028856300CA8559 /* SwiftVision.framework */,
				D40B284F2028860D00CA8559 /* OpenCVDemo.app */,
				D471E46A20501DDC00F38C26 /* DLib.framework */,
				D429817C2052AF0300A28DF5 /* SwiftVisionTests.xctest */,
			);
			name = Products;
			sourceTree = "<group>";
		};
		D40B283B2028856300CA8559 /* SwiftVision */ = {
			isa = PBXGroup;
			children = (
				D40B283C2028856300CA8559 /* SwiftVision.h */,
				D471D7F420500EE300F38C26 /* UIImage+OpenCV.h */,
				D471D7F320500EE300F38C26 /* UIImage+OpenCV.mm */,
				D4A572BF202A1E1500D8F4B0 /* PageDewarp */,
				D40B283D2028856300CA8559 /* Info.plist */,
				D40B2888202891D800CA8559 /* PrefixHeader.pch */,
				D439946E20388B9700D9B783 /* helpers */,
				D4A572C4202A1E2800D8F4B0 /* extensions */,
				D471D7D220500C4A00F38C26 /* structs */,
			);
			path = SwiftVision;
			sourceTree = "<group>";
		};
		D40B28442028858A00CA8559 /* Frameworks */ = {
			isa = PBXGroup;
			children = (
				D4711A0C20502C8300F38C26 /* CoreFoundation.framework */,
				D4711A0A20502C7500F38C26 /* Foundation.framework */,
				D4711A0820502C1200F38C26 /* Accelerate.framework */,
				D40B286820288EEA00CA8559 /* UIKit.framework */,
				D40B286620288EE100CA8559 /* CoreGraphics.framework */,
				D40B28452028858A00CA8559 /* opencv2.framework */,
			);
			name = Frameworks;
			sourceTree = "<group>";
		};
		D40B28502028860D00CA8559 /* OpenCVDemo */ = {
			isa = PBXGroup;
			children = (
				D48B4B702028AC0600DFA7AC /* input_image.jpeg */,
				D48B4B722028B6DC00DFA7AC /* 90550036_edit.jpg */,
				D40B28512028860D00CA8559 /* AppDelegate.swift */,
				D40B28532028860D00CA8559 /* ViewController.swift */,
				D40B28552028860D00CA8559 /* Main.storyboard */,
				D40B28582028860D00CA8559 /* Assets.xcassets */,
				D40B285A2028860D00CA8559 /* LaunchScreen.storyboard */,
				D40B285D2028860D00CA8559 /* Info.plist */,
			);
			path = OpenCVDemo;
			sourceTree = "<group>";
		};
		D429817D2052AF0300A28DF5 /* SwiftVisionTests */ = {
			isa = PBXGroup;
			children = (
				D429817E2052AF0300A28DF5 /* SwiftVisionTests.mm */,
				D42981802052AF0300A28DF5 /* Info.plist */,
			);
			path = SwiftVisionTests;
			sourceTree = "<group>";
		};
		D439946E20388B9700D9B783 /* helpers */ = {
			isa = PBXGroup;
			children = (
				D439946F20388BA800D9B783 /* functions.h */,
				D439947020388BA800D9B783 /* functions.mm */,
			);
			path = helpers;
			sourceTree = "<group>";
		};
		D471D7D220500C4A00F38C26 /* structs */ = {
			isa = PBXGroup;
			children = (
				D471D7D320500C4A00F38C26 /* LineInfo.h */,
				D471D7D420500C4A00F38C26 /* CGRectOutline.h */,
				D471D7D520500C4A00F38C26 /* EigenVector.h */,
			);
			path = structs;
			sourceTree = "<group>";
		};
		D471D7D920500CE600F38C26 /* models */ = {
			isa = PBXGroup;
			children = (
				D471D7DD20500CE600F38C26 /* Contour.h */,
				D471D7DB20500CE600F38C26 /* Contour.mm */,
				D471D7E020500CE600F38C26 /* ContourSpan.h */,
				D471D7DE20500CE600F38C26 /* ContourSpan.mm */,
				D471D7DA20500CE600F38C26 /* ContourEdge.h */,
				D471D7DF20500CE600F38C26 /* ContourEdge.m */,
				D471D7DC20500CE600F38C26 /* ContourSpanInfo.h */,
				D471D7E120500CE600F38C26 /* ContourSpanInfo.mm */,
			);
			path = models;
			sourceTree = "<group>";
		};
		D471D7EA20500D0800F38C26 /* models+internal */ = {
			isa = PBXGroup;
			children = (
				D471D7ED20500D0800F38C26 /* Contour+internal.h */,
				D471D7EC20500D0800F38C26 /* ContourSpan+internal.h */,
				D471D7EB20500D0800F38C26 /* ContourEdge+internal.h */,
				D471D7EE20500D0800F38C26 /* ContourSpanInfo+internal.h */,
			);
			path = "models+internal";
			sourceTree = "<group>";
		};
		D471D7F720500F2200F38C26 /* extensions+internal */ = {
			isa = PBXGroup;
			children = (
				D471D7F820500F2200F38C26 /* UIImage+Contour.mm */,
				D471D7F920500F2200F38C26 /* UIImage+Contour.h */,
			);
			path = "extensions+internal";
			sourceTree = "<group>";
		};
		D471E46B20501DDC00F38C26 /* DLib */ = {
			isa = PBXGroup;
			children = (
				D4A3AE1C20502FB20075C45B /* libdlib.a */,
				D471E46C20501DDC00F38C26 /* DLib.h */,
				D471E46D20501DDC00F38C26 /* Info.plist */,
				D47109B32050271600F38C26 /* KeyPointOptimizer.h */,
				D47109B42050271600F38C26 /* KeyPointOptimizer.mm */,
			);
			path = DLib;
			sourceTree = "<group>";
		};
		D4A572BF202A1E1500D8F4B0 /* PageDewarp */ = {
			isa = PBXGroup;
			children = (
				D4A572C0202A1E1500D8F4B0 /* PageDewarp.h */,
				D4A572C1202A1E1500D8F4B0 /* PageDewarp.mm */,
				D471D7D920500CE600F38C26 /* models */,
				D471D7EA20500D0800F38C26 /* models+internal */,
				D471D7F720500F2200F38C26 /* extensions+internal */,
				D42981742052AE0600A28DF5 /* KeyPointProjector.h */,
				D42981752052AE0600A28DF5 /* KeyPointProjector.mm */,
			);
			path = PageDewarp;
			sourceTree = "<group>";
		};
		D4A572C4202A1E2800D8F4B0 /* extensions */ = {
			isa = PBXGroup;
			children = (
				D4A572C6202A1E2800D8F4B0 /* UIImage+Mat.h */,
				D4A572C8202A1E2800D8F4B0 /* UIImage+Mat.mm */,
				D4BAD1C32034DBB200F4A32C /* NSArray+extras.h */,
				D4BAD1C42034DBB200F4A32C /* NSArray+extras.m */,
				D428ED30204987D6002A7322 /* UIColor+extras.h */,
				D428ED31204987D6002A7322 /* UIColor+extras.m */,
			);
			path = extensions;
			sourceTree = "<group>";
		};
/* End PBXGroup section */

/* Begin PBXHeadersBuildPhase section */
		D40B28362028856300CA8559 /* Headers */ = {
			isa = PBXHeadersBuildPhase;
			buildActionMask = 2147483647;
			files = (
				D40B283E2028856300CA8559 /* SwiftVision.h in Headers */,
				D471D7F620500EE300F38C26 /* UIImage+OpenCV.h in Headers */,
				D4A572C2202A1E1500D8F4B0 /* PageDewarp.h in Headers */,
				D471D7E520500CE600F38C26 /* Contour.h in Headers */,
				D40B2889202891D800CA8559 /* PrefixHeader.pch in Headers */,
				D471D7E220500CE600F38C26 /* ContourEdge.h in Headers */,
				D471D7E820500CE600F38C26 /* ContourSpan.h in Headers */,
				D471D7D720500C4A00F38C26 /* CGRectOutline.h in Headers */,
				D471D7E420500CE600F38C26 /* ContourSpanInfo.h in Headers */,
				D471D7D820500C4A00F38C26 /* EigenVector.h in Headers */,
				D471D7D620500C4A00F38C26 /* LineInfo.h in Headers */,
				D471D7F220500D0800F38C26 /* ContourSpanInfo+internal.h in Headers */,
				D471D7F020500D0800F38C26 /* ContourSpan+internal.h in Headers */,
				D428ED32204987D6002A7322 /* UIColor+extras.h in Headers */,
				D4BAD1C52034DBB200F4A32C /* NSArray+extras.h in Headers */,
				D471D7EF20500D0800F38C26 /* ContourEdge+internal.h in Headers */,
				D439947120388BA800D9B783 /* functions.h in Headers */,
				D471D7F120500D0800F38C26 /* Contour+internal.h in Headers */,
				D4A572CA202A1E2800D8F4B0 /* UIImage+Mat.h in Headers */,
				D471D7FB20500F2200F38C26 /* UIImage+Contour.h in Headers */,
				D42981762052AE0600A28DF5 /* KeyPointProjector.h in Headers */,
			);
			runOnlyForDeploymentPostprocessing = 0;
		};
		D471E46720501DDC00F38C26 /* Headers */ = {
			isa = PBXHeadersBuildPhase;
			buildActionMask = 2147483647;
			files = (
				D4711A0F20502DA800F38C26 /* KeyPointOptimizer.h in Headers */,
				D471E46E20501DDC00F38C26 /* DLib.h in Headers */,
			);
			runOnlyForDeploymentPostprocessing = 0;
		};
/* End PBXHeadersBuildPhase section */

/* Begin PBXNativeTarget section */
		D40B28382028856300CA8559 /* SwiftVision */ = {
			isa = PBXNativeTarget;
			buildConfigurationList = D40B28412028856300CA8559 /* Build configuration list for PBXNativeTarget "SwiftVision" */;
			buildPhases = (
				D40B28342028856300CA8559 /* Sources */,
				D40B28352028856300CA8559 /* Frameworks */,
				D40B28362028856300CA8559 /* Headers */,
				D40B28372028856300CA8559 /* Resources */,
			);
			buildRules = (
			);
			dependencies = (
				D47109B1205025E500F38C26 /* PBXTargetDependency */,
			);
			name = SwiftVision;
			productName = SwiftVision;
			productReference = D40B28392028856300CA8559 /* SwiftVision.framework */;
			productType = "com.apple.product-type.framework";
		};
		D40B284E2028860D00CA8559 /* OpenCVDemo */ = {
			isa = PBXNativeTarget;
			buildConfigurationList = D40B285E2028860D00CA8559 /* Build configuration list for PBXNativeTarget "OpenCVDemo" */;
			buildPhases = (
				D40B284B2028860D00CA8559 /* Sources */,
				D40B284C2028860D00CA8559 /* Frameworks */,
				D40B284D2028860D00CA8559 /* Resources */,
			);
			buildRules = (
			);
			dependencies = (
			);
			name = OpenCVDemo;
			productName = OpenCVDemo;
			productReference = D40B284F2028860D00CA8559 /* OpenCVDemo.app */;
			productType = "com.apple.product-type.application";
		};
		D429817B2052AF0300A28DF5 /* SwiftVisionTests */ = {
			isa = PBXNativeTarget;
			buildConfigurationList = D42981842052AF0300A28DF5 /* Build configuration list for PBXNativeTarget "SwiftVisionTests" */;
			buildPhases = (
				D42981782052AF0300A28DF5 /* Sources */,
				D42981792052AF0300A28DF5 /* Frameworks */,
				D429817A2052AF0300A28DF5 /* Resources */,
			);
			buildRules = (
			);
			dependencies = (
				D42981832052AF0300A28DF5 /* PBXTargetDependency */,
			);
			name = SwiftVisionTests;
			productName = SwiftVisionTests;
			productReference = D429817C2052AF0300A28DF5 /* SwiftVisionTests.xctest */;
			productType = "com.apple.product-type.bundle.unit-test";
		};
		D471E46920501DDC00F38C26 /* DLib */ = {
			isa = PBXNativeTarget;
			buildConfigurationList = D471E46F20501DDC00F38C26 /* Build configuration list for PBXNativeTarget "DLib" */;
			buildPhases = (
				D47109B92050281F00F38C26 /* Sources */,
				D471E46620501DDC00F38C26 /* Frameworks */,
				D471E46720501DDC00F38C26 /* Headers */,
				D471E46820501DDC00F38C26 /* Resources */,
			);
			buildRules = (
			);
			dependencies = (
			);
			name = DLib;
			productName = DLib;
			productReference = D471E46A20501DDC00F38C26 /* DLib.framework */;
			productType = "com.apple.product-type.framework";
		};
/* End PBXNativeTarget section */

/* Begin PBXProject section */
		D40B28302028856300CA8559 /* Project object */ = {
			isa = PBXProject;
			attributes = {
				LastSwiftUpdateCheck = 0920;
				LastUpgradeCheck = 0920;
				ORGANIZATIONNAME = "Joseph Patino";
				TargetAttributes = {
					D40B28382028856300CA8559 = {
						CreatedOnToolsVersion = 9.2;
						LastSwiftMigration = 0920;
						ProvisioningStyle = Automatic;
					};
					D40B284E2028860D00CA8559 = {
						CreatedOnToolsVersion = 9.2;
						ProvisioningStyle = Automatic;
					};
					D429817B2052AF0300A28DF5 = {
						CreatedOnToolsVersion = 9.2;
						ProvisioningStyle = Automatic;
					};
					D471E46920501DDC00F38C26 = {
						CreatedOnToolsVersion = 9.2;
						ProvisioningStyle = Automatic;
					};
				};
			};
			buildConfigurationList = D40B28332028856300CA8559 /* Build configuration list for PBXProject "SwiftVision" */;
			compatibilityVersion = "Xcode 8.0";
			developmentRegion = en;
			hasScannedForEncodings = 0;
			knownRegions = (
				en,
				Base,
			);
			mainGroup = D40B282F2028856300CA8559;
			productRefGroup = D40B283A2028856300CA8559 /* Products */;
			projectDirPath = "";
			projectRoot = "";
			targets = (
				D40B28382028856300CA8559 /* SwiftVision */,
				D40B284E2028860D00CA8559 /* OpenCVDemo */,
				D471E46920501DDC00F38C26 /* DLib */,
				D429817B2052AF0300A28DF5 /* SwiftVisionTests */,
			);
		};
/* End PBXProject section */

/* Begin PBXResourcesBuildPhase section */
		D40B28372028856300CA8559 /* Resources */ = {
			isa = PBXResourcesBuildPhase;
			buildActionMask = 2147483647;
			files = (
			);
			runOnlyForDeploymentPostprocessing = 0;
		};
		D40B284D2028860D00CA8559 /* Resources */ = {
			isa = PBXResourcesBuildPhase;
			buildActionMask = 2147483647;
			files = (
				D40B285C2028860D00CA8559 /* LaunchScreen.storyboard in Resources */,
				D40B28592028860D00CA8559 /* Assets.xcassets in Resources */,
				D48B4B712028AC0600DFA7AC /* input_image.jpeg in Resources */,
				D48B4B732028B6DC00DFA7AC /* 90550036_edit.jpg in Resources */,
				D40B28572028860D00CA8559 /* Main.storyboard in Resources */,
			);
			runOnlyForDeploymentPostprocessing = 0;
		};
		D429817A2052AF0300A28DF5 /* Resources */ = {
			isa = PBXResourcesBuildPhase;
			buildActionMask = 2147483647;
			files = (
			);
			runOnlyForDeploymentPostprocessing = 0;
		};
		D471E46820501DDC00F38C26 /* Resources */ = {
			isa = PBXResourcesBuildPhase;
			buildActionMask = 2147483647;
			files = (
			);
			runOnlyForDeploymentPostprocessing = 0;
		};
/* End PBXResourcesBuildPhase section */

/* Begin PBXSourcesBuildPhase section */
		D40B28342028856300CA8559 /* Sources */ = {
			isa = PBXSourcesBuildPhase;
			buildActionMask = 2147483647;
			files = (
				D4A572CC202A1E2800D8F4B0 /* UIImage+Mat.mm in Sources */,
				D471D7E920500CE600F38C26 /* ContourSpanInfo.mm in Sources */,
				D4A572C3202A1E1500D8F4B0 /* PageDewarp.mm in Sources */,
				D42981772052AE0600A28DF5 /* KeyPointProjector.mm in Sources */,
				D471D7FA20500F2200F38C26 /* UIImage+Contour.mm in Sources */,
				D471D7F520500EE300F38C26 /* UIImage+OpenCV.mm in Sources */,
				D428ED33204987D6002A7322 /* UIColor+extras.m in Sources */,
				D471D7E720500CE600F38C26 /* ContourEdge.m in Sources */,
				D4BAD1C62034DBB200F4A32C /* NSArray+extras.m in Sources */,
				D471D7E320500CE600F38C26 /* Contour.mm in Sources */,
				D439947220388BA800D9B783 /* functions.mm in Sources */,
				D471D7E620500CE600F38C26 /* ContourSpan.mm in Sources */,
			);
			runOnlyForDeploymentPostprocessing = 0;
		};
		D40B284B2028860D00CA8559 /* Sources */ = {
			isa = PBXSourcesBuildPhase;
			buildActionMask = 2147483647;
			files = (
				D40B28542028860D00CA8559 /* ViewController.swift in Sources */,
				D40B28522028860D00CA8559 /* AppDelegate.swift in Sources */,
			);
			runOnlyForDeploymentPostprocessing = 0;
		};
		D42981782052AF0300A28DF5 /* Sources */ = {
			isa = PBXSourcesBuildPhase;
			buildActionMask = 2147483647;
			files = (
				D429817F2052AF0300A28DF5 /* SwiftVisionTests.mm in Sources */,
				D42981882052AF7800A28DF5 /* functions.mm in Sources */,
			);
			runOnlyForDeploymentPostprocessing = 0;
		};
		D47109B92050281F00F38C26 /* Sources */ = {
			isa = PBXSourcesBuildPhase;
			buildActionMask = 2147483647;
			files = (
				D47109BA2050282600F38C26 /* KeyPointOptimizer.mm in Sources */,
			);
			runOnlyForDeploymentPostprocessing = 0;
		};
/* End PBXSourcesBuildPhase section */

/* Begin PBXTargetDependency section */
		D42981832052AF0300A28DF5 /* PBXTargetDependency */ = {
			isa = PBXTargetDependency;
			target = D40B28382028856300CA8559 /* SwiftVision */;
			targetProxy = D42981822052AF0300A28DF5 /* PBXContainerItemProxy */;
		};
		D47109B1205025E500F38C26 /* PBXTargetDependency */ = {
			isa = PBXTargetDependency;
			target = D471E46920501DDC00F38C26 /* DLib */;
			targetProxy = D47109B0205025E500F38C26 /* PBXContainerItemProxy */;
		};
/* End PBXTargetDependency section */

/* Begin PBXVariantGroup section */
		D40B28552028860D00CA8559 /* Main.storyboard */ = {
			isa = PBXVariantGroup;
			children = (
				D40B28562028860D00CA8559 /* Base */,
			);
			name = Main.storyboard;
			sourceTree = "<group>";
		};
		D40B285A2028860D00CA8559 /* LaunchScreen.storyboard */ = {
			isa = PBXVariantGroup;
			children = (
				D40B285B2028860D00CA8559 /* Base */,
			);
			name = LaunchScreen.storyboard;
			sourceTree = "<group>";
		};
/* End PBXVariantGroup section */

/* Begin XCBuildConfiguration section */
		D40B283F2028856300CA8559 /* Debug */ = {
			isa = XCBuildConfiguration;
			buildSettings = {
				ALWAYS_SEARCH_USER_PATHS = NO;
				CLANG_ANALYZER_NONNULL = YES;
				CLANG_ANALYZER_NUMBER_OBJECT_CONVERSION = YES_AGGRESSIVE;
				CLANG_CXX_LANGUAGE_STANDARD = "gnu++14";
				CLANG_CXX_LIBRARY = "libc++";
				CLANG_ENABLE_MODULES = YES;
				CLANG_ENABLE_OBJC_ARC = YES;
				CLANG_WARN_BLOCK_CAPTURE_AUTORELEASING = YES;
				CLANG_WARN_BOOL_CONVERSION = YES;
				CLANG_WARN_COMMA = YES;
				CLANG_WARN_CONSTANT_CONVERSION = YES;
				CLANG_WARN_DIRECT_OBJC_ISA_USAGE = YES_ERROR;
				CLANG_WARN_DOCUMENTATION_COMMENTS = YES;
				CLANG_WARN_EMPTY_BODY = YES;
				CLANG_WARN_ENUM_CONVERSION = YES;
				CLANG_WARN_INFINITE_RECURSION = YES;
				CLANG_WARN_INT_CONVERSION = YES;
				CLANG_WARN_NON_LITERAL_NULL_CONVERSION = YES;
				CLANG_WARN_OBJC_LITERAL_CONVERSION = YES;
				CLANG_WARN_OBJC_ROOT_CLASS = YES_ERROR;
				CLANG_WARN_RANGE_LOOP_ANALYSIS = YES;
				CLANG_WARN_STRICT_PROTOTYPES = YES;
				CLANG_WARN_SUSPICIOUS_MOVE = YES;
				CLANG_WARN_UNGUARDED_AVAILABILITY = YES_AGGRESSIVE;
				CLANG_WARN_UNREACHABLE_CODE = YES;
				CLANG_WARN__DUPLICATE_METHOD_MATCH = YES;
				CODE_SIGN_IDENTITY = "iPhone Developer";
				COPY_PHASE_STRIP = NO;
				CURRENT_PROJECT_VERSION = 1;
				DEBUG_INFORMATION_FORMAT = dwarf;
				ENABLE_STRICT_OBJC_MSGSEND = YES;
				ENABLE_TESTABILITY = YES;
				GCC_C_LANGUAGE_STANDARD = gnu11;
				GCC_DYNAMIC_NO_PIC = NO;
				GCC_NO_COMMON_BLOCKS = YES;
				GCC_OPTIMIZATION_LEVEL = 0;
				GCC_PREPROCESSOR_DEFINITIONS = (
					"DEBUG=1",
					"$(inherited)",
				);
				GCC_WARN_64_TO_32_BIT_CONVERSION = YES;
				GCC_WARN_ABOUT_RETURN_TYPE = YES_ERROR;
				GCC_WARN_UNDECLARED_SELECTOR = YES;
				GCC_WARN_UNINITIALIZED_AUTOS = YES_AGGRESSIVE;
				GCC_WARN_UNUSED_FUNCTION = YES;
				GCC_WARN_UNUSED_VARIABLE = YES;
				IPHONEOS_DEPLOYMENT_TARGET = 11.2;
				MTL_ENABLE_DEBUG_INFO = YES;
				ONLY_ACTIVE_ARCH = YES;
				SDKROOT = iphoneos;
				VERSIONING_SYSTEM = "apple-generic";
				VERSION_INFO_PREFIX = "";
			};
			name = Debug;
		};
		D40B28402028856300CA8559 /* Release */ = {
			isa = XCBuildConfiguration;
			buildSettings = {
				ALWAYS_SEARCH_USER_PATHS = NO;
				CLANG_ANALYZER_NONNULL = YES;
				CLANG_ANALYZER_NUMBER_OBJECT_CONVERSION = YES_AGGRESSIVE;
				CLANG_CXX_LANGUAGE_STANDARD = "gnu++14";
				CLANG_CXX_LIBRARY = "libc++";
				CLANG_ENABLE_MODULES = YES;
				CLANG_ENABLE_OBJC_ARC = YES;
				CLANG_WARN_BLOCK_CAPTURE_AUTORELEASING = YES;
				CLANG_WARN_BOOL_CONVERSION = YES;
				CLANG_WARN_COMMA = YES;
				CLANG_WARN_CONSTANT_CONVERSION = YES;
				CLANG_WARN_DIRECT_OBJC_ISA_USAGE = YES_ERROR;
				CLANG_WARN_DOCUMENTATION_COMMENTS = YES;
				CLANG_WARN_EMPTY_BODY = YES;
				CLANG_WARN_ENUM_CONVERSION = YES;
				CLANG_WARN_INFINITE_RECURSION = YES;
				CLANG_WARN_INT_CONVERSION = YES;
				CLANG_WARN_NON_LITERAL_NULL_CONVERSION = YES;
				CLANG_WARN_OBJC_LITERAL_CONVERSION = YES;
				CLANG_WARN_OBJC_ROOT_CLASS = YES_ERROR;
				CLANG_WARN_RANGE_LOOP_ANALYSIS = YES;
				CLANG_WARN_STRICT_PROTOTYPES = YES;
				CLANG_WARN_SUSPICIOUS_MOVE = YES;
				CLANG_WARN_UNGUARDED_AVAILABILITY = YES_AGGRESSIVE;
				CLANG_WARN_UNREACHABLE_CODE = YES;
				CLANG_WARN__DUPLICATE_METHOD_MATCH = YES;
				CODE_SIGN_IDENTITY = "iPhone Developer";
				COPY_PHASE_STRIP = NO;
				CURRENT_PROJECT_VERSION = 1;
				DEBUG_INFORMATION_FORMAT = "dwarf-with-dsym";
				ENABLE_NS_ASSERTIONS = NO;
				ENABLE_STRICT_OBJC_MSGSEND = YES;
				GCC_C_LANGUAGE_STANDARD = gnu11;
				GCC_NO_COMMON_BLOCKS = YES;
				GCC_WARN_64_TO_32_BIT_CONVERSION = YES;
				GCC_WARN_ABOUT_RETURN_TYPE = YES_ERROR;
				GCC_WARN_UNDECLARED_SELECTOR = YES;
				GCC_WARN_UNINITIALIZED_AUTOS = YES_AGGRESSIVE;
				GCC_WARN_UNUSED_FUNCTION = YES;
				GCC_WARN_UNUSED_VARIABLE = YES;
				IPHONEOS_DEPLOYMENT_TARGET = 11.2;
				MTL_ENABLE_DEBUG_INFO = NO;
				SDKROOT = iphoneos;
				VALIDATE_PRODUCT = YES;
				VERSIONING_SYSTEM = "apple-generic";
				VERSION_INFO_PREFIX = "";
			};
			name = Release;
		};
		D40B28422028856300CA8559 /* Debug */ = {
			isa = XCBuildConfiguration;
			buildSettings = {
				CLANG_ALLOW_NON_MODULAR_INCLUDES_IN_FRAMEWORK_MODULES = NO;
				CLANG_CXX_LANGUAGE_STANDARD = "gnu++0x";
				CLANG_CXX_LIBRARY = "libc++";
				CLANG_ENABLE_MODULES = YES;
				CLANG_WARN_DIRECT_OBJC_ISA_USAGE = YES_ERROR;
				CLANG_WARN_DOCUMENTATION_COMMENTS = NO;
				CODE_SIGN_IDENTITY = "";
				CODE_SIGN_STYLE = Automatic;
				DEFINES_MODULE = YES;
				DEVELOPMENT_TEAM = 6C6HU52U6Y;
				DYLIB_COMPATIBILITY_VERSION = 1;
				DYLIB_CURRENT_VERSION = 1;
				DYLIB_INSTALL_NAME_BASE = "@rpath";
				FRAMEWORK_SEARCH_PATHS = "$(PROJECT_DIR)/SwiftVision";
				GCC_C_LANGUAGE_STANDARD = c11;
				GCC_INPUT_FILETYPE = automatic;
				GCC_PREFIX_HEADER = "$(PROJECT_DIR)/SwiftVision/PrefixHeader.pch";
				GCC_PREPROCESSOR_DEFINITIONS = (
					"DEBUG=1",
					"$(inherited)",
				);
				GCC_STRICT_ALIASING = YES;
				GCC_SYMBOLS_PRIVATE_EXTERN = YES;
				GENERATE_MASTER_OBJECT_FILE = NO;
				INFOPLIST_FILE = SwiftVision/Info.plist;
				INSTALL_PATH = "$(LOCAL_LIBRARY_DIR)/Frameworks";
				KEEP_PRIVATE_EXTERNS = NO;
				LD_RUNPATH_SEARCH_PATHS = "$(inherited) @executable_path/Frameworks @loader_path/Frameworks";
				OTHER_CPLUSPLUSFLAGS = "$(OTHER_CFLAGS)";
				PRODUCT_BUNDLE_IDENTIFIER = com.onitaps.SwiftVision;
				PRODUCT_NAME = "$(TARGET_NAME:c99extidentifier)";
				SEPARATE_SYMBOL_EDIT = NO;
				SKIP_INSTALL = YES;
				SWIFT_OPTIMIZATION_LEVEL = "-Onone";
				SWIFT_VERSION = 4.0;
				TARGETED_DEVICE_FAMILY = "1,2";
			};
			name = Debug;
		};
		D40B28432028856300CA8559 /* Release */ = {
			isa = XCBuildConfiguration;
			buildSettings = {
				CLANG_ALLOW_NON_MODULAR_INCLUDES_IN_FRAMEWORK_MODULES = NO;
				CLANG_CXX_LANGUAGE_STANDARD = "gnu++0x";
				CLANG_CXX_LIBRARY = "libc++";
				CLANG_ENABLE_MODULES = YES;
				CLANG_WARN_DIRECT_OBJC_ISA_USAGE = YES_ERROR;
				CLANG_WARN_DOCUMENTATION_COMMENTS = NO;
				CODE_SIGN_IDENTITY = "";
				CODE_SIGN_STYLE = Automatic;
				DEFINES_MODULE = YES;
				DEVELOPMENT_TEAM = 6C6HU52U6Y;
				DYLIB_COMPATIBILITY_VERSION = 1;
				DYLIB_CURRENT_VERSION = 1;
				DYLIB_INSTALL_NAME_BASE = "@rpath";
				FRAMEWORK_SEARCH_PATHS = "$(PROJECT_DIR)/SwiftVision";
				GCC_C_LANGUAGE_STANDARD = c11;
				GCC_INPUT_FILETYPE = automatic;
				GCC_PREFIX_HEADER = "$(PROJECT_DIR)/SwiftVision/PrefixHeader.pch";
				GCC_PREPROCESSOR_DEFINITIONS = "";
				GCC_STRICT_ALIASING = YES;
				GCC_SYMBOLS_PRIVATE_EXTERN = YES;
				GENERATE_MASTER_OBJECT_FILE = NO;
				INFOPLIST_FILE = SwiftVision/Info.plist;
				INSTALL_PATH = "$(LOCAL_LIBRARY_DIR)/Frameworks";
				KEEP_PRIVATE_EXTERNS = NO;
				LD_RUNPATH_SEARCH_PATHS = "$(inherited) @executable_path/Frameworks @loader_path/Frameworks";
				OTHER_CPLUSPLUSFLAGS = "$(OTHER_CFLAGS)";
				PRODUCT_BUNDLE_IDENTIFIER = com.onitaps.SwiftVision;
				PRODUCT_NAME = "$(TARGET_NAME:c99extidentifier)";
				SEPARATE_SYMBOL_EDIT = NO;
				SKIP_INSTALL = YES;
				SWIFT_VERSION = 4.0;
				TARGETED_DEVICE_FAMILY = "1,2";
			};
			name = Release;
		};
		D40B285F2028860D00CA8559 /* Debug */ = {
			isa = XCBuildConfiguration;
			buildSettings = {
				ASSETCATALOG_COMPILER_APPICON_NAME = AppIcon;
				CODE_SIGN_STYLE = Automatic;
				DEVELOPMENT_TEAM = 6C6HU52U6Y;
				INFOPLIST_FILE = OpenCVDemo/Info.plist;
				LD_RUNPATH_SEARCH_PATHS = "$(inherited) @executable_path/Frameworks";
				PRODUCT_BUNDLE_IDENTIFIER = com.onitaps.OpenCVDemo;
				PRODUCT_NAME = "$(TARGET_NAME)";
				SWIFT_ACTIVE_COMPILATION_CONDITIONS = DEBUG;
				SWIFT_OPTIMIZATION_LEVEL = "-Onone";
				SWIFT_VERSION = 4.0;
				TARGETED_DEVICE_FAMILY = "1,2";
			};
			name = Debug;
		};
		D40B28602028860D00CA8559 /* Release */ = {
			isa = XCBuildConfiguration;
			buildSettings = {
				ASSETCATALOG_COMPILER_APPICON_NAME = AppIcon;
				CODE_SIGN_STYLE = Automatic;
				DEVELOPMENT_TEAM = 6C6HU52U6Y;
				INFOPLIST_FILE = OpenCVDemo/Info.plist;
				LD_RUNPATH_SEARCH_PATHS = "$(inherited) @executable_path/Frameworks";
				PRODUCT_BUNDLE_IDENTIFIER = com.onitaps.OpenCVDemo;
				PRODUCT_NAME = "$(TARGET_NAME)";
				SWIFT_OPTIMIZATION_LEVEL = "-Owholemodule";
				SWIFT_VERSION = 4.0;
				TARGETED_DEVICE_FAMILY = "1,2";
			};
			name = Release;
		};
		D42981852052AF0300A28DF5 /* Debug */ = {
			isa = XCBuildConfiguration;
			buildSettings = {
				CODE_SIGN_STYLE = Automatic;
				DEVELOPMENT_TEAM = 6C6HU52U6Y;
				FRAMEWORK_SEARCH_PATHS = (
					"$(inherited)",
					"$(PROJECT_DIR)/SwiftVision",
				);
				INFOPLIST_FILE = SwiftVisionTests/Info.plist;
				LD_RUNPATH_SEARCH_PATHS = "$(inherited) @executable_path/Frameworks @loader_path/Frameworks";
				PRODUCT_BUNDLE_IDENTIFIER = com.onitaps.SwiftVisionTests;
				PRODUCT_NAME = "$(TARGET_NAME)";
				TARGETED_DEVICE_FAMILY = "1,2";
			};
			name = Debug;
		};
		D42981862052AF0300A28DF5 /* Release */ = {
			isa = XCBuildConfiguration;
			buildSettings = {
				CODE_SIGN_STYLE = Automatic;
				DEVELOPMENT_TEAM = 6C6HU52U6Y;
				FRAMEWORK_SEARCH_PATHS = (
					"$(inherited)",
					"$(PROJECT_DIR)/SwiftVision",
				);
				INFOPLIST_FILE = SwiftVisionTests/Info.plist;
				LD_RUNPATH_SEARCH_PATHS = "$(inherited) @executable_path/Frameworks @loader_path/Frameworks";
				PRODUCT_BUNDLE_IDENTIFIER = com.onitaps.SwiftVisionTests;
				PRODUCT_NAME = "$(TARGET_NAME)";
				TARGETED_DEVICE_FAMILY = "1,2";
			};
			name = Release;
		};
		D471E47020501DDC00F38C26 /* Debug */ = {
			isa = XCBuildConfiguration;
			buildSettings = {
				CLANG_CXX_LANGUAGE_STANDARD = "gnu++0x";
				CLANG_WARN_COMMA = NO;
				CLANG_WARN_CXX0X_EXTENSIONS = NO;
				CODE_SIGN_IDENTITY = "";
				CODE_SIGN_STYLE = Automatic;
				DEFINES_MODULE = YES;
				DEVELOPMENT_TEAM = 6C6HU52U6Y;
				DYLIB_COMPATIBILITY_VERSION = 1;
				DYLIB_CURRENT_VERSION = 1;
				DYLIB_INSTALL_NAME_BASE = "@rpath";
				GCC_C_LANGUAGE_STANDARD = gnu99;
				GCC_PREPROCESSOR_DEFINITIONS = (
					DLIB_JPEG_SUPPORT,
					DLIB_NO_GUI_SUPPORT,
					__NDEBUG,
					DLIB_USE_BLAS,
					DLIB_USE_LAPACK,
				);
				GCC_SYMBOLS_PRIVATE_EXTERN = YES;
				HEADER_SEARCH_PATHS = "$(SRCROOT)/DLib";
				INFOPLIST_FILE = DLib/Info.plist;
				INSTALL_PATH = "$(LOCAL_LIBRARY_DIR)/Frameworks";
				LD_RUNPATH_SEARCH_PATHS = "$(inherited) @executable_path/Frameworks @loader_path/Frameworks";
				LIBRARY_SEARCH_PATHS = (
					"$(inherited)",
					"$(PROJECT_DIR)/DLib",
				);
				PRODUCT_BUNDLE_IDENTIFIER = com.onitaps.DLib;
				PRODUCT_NAME = "$(TARGET_NAME:c99extidentifier)";
				SKIP_INSTALL = YES;
				TARGETED_DEVICE_FAMILY = "1,2";
			};
			name = Debug;
		};
		D471E47120501DDC00F38C26 /* Release */ = {
			isa = XCBuildConfiguration;
			buildSettings = {
				CLANG_CXX_LANGUAGE_STANDARD = "gnu++0x";
				CLANG_WARN_COMMA = NO;
				CLANG_WARN_CXX0X_EXTENSIONS = NO;
				CODE_SIGN_IDENTITY = "";
				CODE_SIGN_STYLE = Automatic;
				DEFINES_MODULE = YES;
				DEVELOPMENT_TEAM = 6C6HU52U6Y;
				DYLIB_COMPATIBILITY_VERSION = 1;
				DYLIB_CURRENT_VERSION = 1;
				DYLIB_INSTALL_NAME_BASE = "@rpath";
				GCC_C_LANGUAGE_STANDARD = gnu99;
				GCC_PREPROCESSOR_DEFINITIONS = (
					DLIB_JPEG_SUPPORT,
					DLIB_NO_GUI_SUPPORT,
					__NDEBUG,
					DLIB_USE_BLAS,
					DLIB_USE_LAPACK,
				);
				GCC_SYMBOLS_PRIVATE_EXTERN = YES;
				HEADER_SEARCH_PATHS = "$(SRCROOT)/DLib";
				INFOPLIST_FILE = DLib/Info.plist;
				INSTALL_PATH = "$(LOCAL_LIBRARY_DIR)/Frameworks";
				LD_RUNPATH_SEARCH_PATHS = "$(inherited) @executable_path/Frameworks @loader_path/Frameworks";
				LIBRARY_SEARCH_PATHS = (
					"$(inherited)",
					"$(PROJECT_DIR)/DLib",
				);
				PRODUCT_BUNDLE_IDENTIFIER = com.onitaps.DLib;
				PRODUCT_NAME = "$(TARGET_NAME:c99extidentifier)";
				SKIP_INSTALL = YES;
				TARGETED_DEVICE_FAMILY = "1,2";
			};
			name = Release;
		};
/* End XCBuildConfiguration section */

/* Begin XCConfigurationList section */
		D40B28332028856300CA8559 /* Build configuration list for PBXProject "SwiftVision" */ = {
			isa = XCConfigurationList;
			buildConfigurations = (
				D40B283F2028856300CA8559 /* Debug */,
				D40B28402028856300CA8559 /* Release */,
			);
			defaultConfigurationIsVisible = 0;
			defaultConfigurationName = Release;
		};
		D40B28412028856300CA8559 /* Build configuration list for PBXNativeTarget "SwiftVision" */ = {
			isa = XCConfigurationList;
			buildConfigurations = (
				D40B28422028856300CA8559 /* Debug */,
				D40B28432028856300CA8559 /* Release */,
			);
			defaultConfigurationIsVisible = 0;
			defaultConfigurationName = Release;
		};
		D40B285E2028860D00CA8559 /* Build configuration list for PBXNativeTarget "OpenCVDemo" */ = {
			isa = XCConfigurationList;
			buildConfigurations = (
				D40B285F2028860D00CA8559 /* Debug */,
				D40B28602028860D00CA8559 /* Release */,
			);
			defaultConfigurationIsVisible = 0;
			defaultConfigurationName = Release;
		};
		D42981842052AF0300A28DF5 /* Build configuration list for PBXNativeTarget "SwiftVisionTests" */ = {
			isa = XCConfigurationList;
			buildConfigurations = (
				D42981852052AF0300A28DF5 /* Debug */,
				D42981862052AF0300A28DF5 /* Release */,
			);
			defaultConfigurationIsVisible = 0;
			defaultConfigurationName = Release;
		};
		D471E46F20501DDC00F38C26 /* Build configuration list for PBXNativeTarget "DLib" */ = {
			isa = XCConfigurationList;
			buildConfigurations = (
				D471E47020501DDC00F38C26 /* Debug */,
				D471E47120501DDC00F38C26 /* Release */,
			);
			defaultConfigurationIsVisible = 0;
			defaultConfigurationName = Release;
		};
/* End XCConfigurationList section */
	};
	rootObject = D40B28302028856300CA8559 /* Project object */;
}
